{
    "_readme": [
        "This file locks the dependencies of your project to a known state",
        "Read more about it at https://getcomposer.org/doc/01-basic-usage.md#installing-dependencies",
        "This file is @generated automatically"
    ],
    "content-hash": "7d9fa3f1f15ccd1e4c21d3d991385308",
    "packages": [
        {
            "name": "nelexa/zip",
            "version": "3.1.11",
            "source": {
                "type": "git",
                "url": "https://github.com/Ne-Lexa/php-zip.git",
                "reference": "19e17fb7301175ea3a39a81597d143d01b892445"
            },
            "dist": {
                "type": "zip",
                "url": "https://api.github.com/repos/Ne-Lexa/php-zip/zipball/19e17fb7301175ea3a39a81597d143d01b892445",
                "reference": "19e17fb7301175ea3a39a81597d143d01b892445",
                "shasum": ""
            },
            "require": {
                "ext-zlib": "*",
                "php": "^5.5 || ^7.0",
                "psr/http-message": "^1.0"
            },
            "require-dev": {
                "phpunit/phpunit": "~4.8|~5.7",
                "zendframework/zend-diactoros": "^1.4"
            },
            "suggest": {
                "ext-bz2": "Needed to support BZIP2 compression",
                "ext-fileinfo": "Needed to get mime-type file",
                "ext-mcrypt": "Needed to support encrypt zip entries or use ext-openssl",
                "ext-openssl": "Needed to support encrypt zip entries or use ext-mcrypt"
            },
            "type": "library",
            "autoload": {
                "psr-4": {
                    "PhpZip\\": "src/PhpZip"
                }
            },
            "notification-url": "https://packagist.org/downloads/",
            "license": [
                "MIT"
            ],
            "authors": [
                {
                    "name": "Ne-Lexa",
                    "email": "alexey@nelexa.ru",
                    "role": "Developer"
                }
            ],
            "description": "PhpZip is a php-library for extended work with ZIP-archives. Open, create, update, delete, extract and get info tool. Supports appending to existing ZIP files, WinZip AES encryption, Traditional PKWARE Encryption, ZipAlign tool, BZIP2 compression, external file attributes and ZIP64 extensions. Alternative ZipArchive. It does not require php-zip extension.",
            "homepage": "https://github.com/Ne-Lexa/php-zip",
            "keywords": [
                "archive",
                "extract",
                "unzip",
                "winzip",
                "zip",
                "zipalign",
                "ziparchive"
            ],
            "time": "2019-03-13T12:41:56+00:00"
        },
        {
            "name": "psr/http-message",
            "version": "1.0.1",
            "source": {
                "type": "git",
                "url": "https://github.com/php-fig/http-message.git",
                "reference": "f6561bf28d520154e4b0ec72be95418abe6d9363"
            },
            "dist": {
                "type": "zip",
                "url": "https://api.github.com/repos/php-fig/http-message/zipball/f6561bf28d520154e4b0ec72be95418abe6d9363",
                "reference": "f6561bf28d520154e4b0ec72be95418abe6d9363",
                "shasum": ""
            },
            "require": {
                "php": ">=5.3.0"
            },
            "type": "library",
            "extra": {
                "branch-alias": {
                    "dev-master": "1.0.x-dev"
                }
            },
            "autoload": {
                "psr-4": {
                    "Psr\\Http\\Message\\": "src/"
                }
            },
            "notification-url": "https://packagist.org/downloads/",
            "license": [
                "MIT"
            ],
            "authors": [
                {
                    "name": "PHP-FIG",
                    "homepage": "http://www.php-fig.org/"
                }
            ],
            "description": "Common interface for HTTP messages",
            "homepage": "https://github.com/php-fig/http-message",
            "keywords": [
                "http",
                "http-message",
                "psr",
                "psr-7",
                "request",
                "response"
            ],
            "time": "2016-08-06T14:39:51+00:00"
        },
        {
            "name": "robrichards/xmlseclibs",
            "version": "3.0.3",
            "source": {
                "type": "git",
                "url": "https://github.com/robrichards/xmlseclibs.git",
                "reference": "406c68ac9124db033d079284b719958b829cb830"
            },
            "dist": {
                "type": "zip",
                "url": "https://api.github.com/repos/robrichards/xmlseclibs/zipball/406c68ac9124db033d079284b719958b829cb830",
                "reference": "406c68ac9124db033d079284b719958b829cb830",
                "shasum": ""
            },
            "require": {
                "ext-openssl": "*",
                "php": ">= 5.4"
            },
            "type": "library",
            "autoload": {
                "psr-4": {
                    "RobRichards\\XMLSecLibs\\": "src"
                }
            },
            "notification-url": "https://packagist.org/downloads/",
            "license": [
                "BSD-3-Clause"
            ],
            "description": "A PHP library for XML Security",
            "homepage": "https://github.com/robrichards/xmlseclibs",
            "keywords": [
                "security",
                "signature",
                "xml",
                "xmldsig"
            ],
            "time": "2018-11-15T11:59:02+00:00"
        },
        {
            "name": "sabre/uri",
            "version": "2.1.1",
            "source": {
                "type": "git",
                "url": "https://github.com/sabre-io/uri.git",
                "reference": "a42126042c7dcb53e2978dadb6d22574d1359b4c"
            },
            "dist": {
                "type": "zip",
                "url": "https://api.github.com/repos/sabre-io/uri/zipball/a42126042c7dcb53e2978dadb6d22574d1359b4c",
                "reference": "a42126042c7dcb53e2978dadb6d22574d1359b4c",
                "shasum": ""
            },
            "require": {
                "php": ">=7"
            },
            "require-dev": {
                "phpunit/phpunit": "^6.0",
                "sabre/cs": "~1.0.0"
            },
            "type": "library",
            "autoload": {
                "files": [
                    "lib/functions.php"
                ],
                "psr-4": {
                    "Sabre\\Uri\\": "lib/"
                }
            },
            "notification-url": "https://packagist.org/downloads/",
            "license": [
                "BSD-3-Clause"
            ],
            "authors": [
                {
                    "name": "Evert Pot",
                    "email": "me@evertpot.com",
                    "homepage": "http://evertpot.com/",
                    "role": "Developer"
                }
            ],
            "description": "Functions for making sense out of URIs.",
            "homepage": "http://sabre.io/uri/",
            "keywords": [
                "rfc3986",
                "uri",
                "url"
            ],
            "time": "2017-02-20T20:02:35+00:00"
        },
        {
            "name": "sabre/xml",
            "version": "2.1.2",
            "source": {
                "type": "git",
                "url": "https://github.com/sabre-io/xml.git",
                "reference": "e15454e68805e3713271ea58c0b2d6a82dac56b7"
            },
            "dist": {
                "type": "zip",
                "url": "https://api.github.com/repos/sabre-io/xml/zipball/e15454e68805e3713271ea58c0b2d6a82dac56b7",
                "reference": "e15454e68805e3713271ea58c0b2d6a82dac56b7",
                "shasum": ""
            },
            "require": {
                "ext-dom": "*",
                "ext-xmlreader": "*",
                "ext-xmlwriter": "*",
                "lib-libxml": ">=2.6.20",
                "php": ">=7.0",
                "sabre/uri": ">=1.0,<3.0.0"
            },
            "require-dev": {
                "phpunit/phpunit": "*"
            },
            "type": "library",
            "autoload": {
                "psr-4": {
                    "Sabre\\Xml\\": "lib/"
                },
                "files": [
                    "lib/Deserializer/functions.php",
                    "lib/Serializer/functions.php"
                ]
            },
            "notification-url": "https://packagist.org/downloads/",
            "license": [
                "BSD-3-Clause"
            ],
            "authors": [
                {
                    "name": "Evert Pot",
                    "email": "me@evertpot.com",
                    "homepage": "http://evertpot.com/",
                    "role": "Developer"
                },
                {
                    "name": "Markus Staab",
                    "email": "markus.staab@redaxo.de",
                    "role": "Developer"
                }
            ],
            "description": "sabre/xml is an XML library that you may not hate.",
            "homepage": "https://sabre.io/xml/",
            "keywords": [
                "XMLReader",
                "XMLWriter",
                "dom",
                "xml"
            ],
            "time": "2019-01-09T13:50:52+00:00"
        }
    ],
    "packages-dev": [],
    "aliases": [],
    "minimum-stability": "stable",
    "stability-flags": [],
    "prefer-stable": false,
    "prefer-lowest": false,
    "platform": [],
    "platform-dev": []
}
